
Microsoft Visual Studio Solution File, Format Version 12.00
# Visual Studio 2013
VisualStudioVersion = 12.0.31101.0
MinimumVisualStudioVersion = 10.0.40219.1
Project("{8BC9CEB8-8B4A-11D0-8D11-00A0C91BC942}") = "mtx_search", "churchillchallenge.vcxproj", "{E321209F-8864-4D2E-A69D-DE23A6BC6722}"
EndProject
Global
	GlobalSection(SolutionConfigurationPlatforms) = preSolution
		Debug|x64 = Debug|x64
		Release|x64 = Release|x64
	EndGlobalSection
	GlobalSection(ProjectConfigurationPlatforms) = postSolution
		{E321209F-8864-4D2E-A69D-DE23A6BC6722}.Debug|x64.ActiveCfg = Debug|x64
		{E321209F-8864-4D2E-A69D-DE23A6BC6722}.Debug|x64.Build.0 = Debug|x64
		{E321209F-8864-4D2E-A69D-DE23A6BC6722}.Release|x64.ActiveCfg = Release|x64
		{E321209F-8864-4D2E-A69D-DE23A6BC6722}.Release|x64.Build.0 = Release|x64
	EndGlobalSection
	GlobalSection(SolutionProperties) = preSolution
		HideSolutionNode = FALSE
	EndGlobalSection
	GlobalSection(Performance) = preSolution
		HasPerformanceSessions = true
	EndGlobalSection
EndGlobal
